
Microsoft Visual Studio Solution File, Format Version 12.00
# Visual Studio 15
VisualStudioVersion = 15.0.28307.1267
MinimumVisualStudioVersion = 10.0.40219.1
Project("{FAE04EC0-301F-11D3-BF4B-00C04F79EFBC}") = "PharmaProject", "PharmaProject\PharmaProject.csproj", "{D0116C3E-ED49-4209-BEAC-427AC1390232}"
EndProject
Global
	GlobalSection(SolutionConfigurationPlatforms) = preSolution
		Debug|Any CPU = Debug|Any CPU
		Release|Any CPU = Release|Any CPU
	EndGlobalSection
	GlobalSection(ProjectConfigurationPlatforms) = postSolution
		{D0116C3E-ED49-4209-BEAC-427AC1390232}.Debug|Any CPU.ActiveCfg = Debug|Any CPU
		{D0116C3E-ED49-4209-BEAC-427AC1390232}.Debug|Any CPU.Build.0 = Debug|Any CPU
		{D0116C3E-ED49-4209-BEAC-427AC1390232}.Release|Any CPU.ActiveCfg = Release|Any CPU
		{D0116C3E-ED49-4209-BEAC-427AC1390232}.Release|Any CPU.Build.0 = Release|Any CPU
	EndGlobalSection
	GlobalSection(SolutionProperties) = preSolution
		HideSolutionNode = FALSE
	EndGlobalSection
	GlobalSection(ExtensibilityGlobals) = postSolution
		SolutionGuid = {ED9B8DCD-92E5-4A2F-8501-6D79E6802EFF}
	EndGlobalSection
EndGlobal
